
Microsoft Visual Studio Solution File, Format Version 12.00
# Visual Studio Version 16
VisualStudioVersion = 16.0.34301.259
MinimumVisualStudioVersion = 10.0.40219.1
Project("{FAE04EC0-301F-11D3-BF4B-00C04F79EFBC}") = "CsharpPractise", "CsharpPractise\CsharpPractise.csproj", "{82C32526-30C4-458B-8709-56686CC07DD7}"
EndProject
Project("{FAE04EC0-301F-11D3-BF4B-00C04F79EFBC}") = "basic_knowledge", "basic_knowledge\basic_knowledge.csproj", "{7EEFBFA7-5F58-4BF1-A770-28691395C052}"
EndProject
Project("{FAE04EC0-301F-11D3-BF4B-00C04F79EFBC}") = "wpf_test", "wpf_test\wpf_test.csproj", "{D387101A-5039-4D66-AEAD-BD57E5AB9452}"
EndProject
Global
	GlobalSection(SolutionConfigurationPlatforms) = preSolution
		Debug|Any CPU = Debug|Any CPU
		Release|Any CPU = Release|Any CPU
	EndGlobalSection
	GlobalSection(ProjectConfigurationPlatforms) = postSolution
		{82C32526-30C4-458B-8709-56686CC07DD7}.Debug|Any CPU.ActiveCfg = Debug|Any CPU
		{82C32526-30C4-458B-8709-56686CC07DD7}.Debug|Any CPU.Build.0 = Debug|Any CPU
		{82C32526-30C4-458B-8709-56686CC07DD7}.Release|Any CPU.ActiveCfg = Release|Any CPU
		{82C32526-30C4-458B-8709-56686CC07DD7}.Release|Any CPU.Build.0 = Release|Any CPU
		{7EEFBFA7-5F58-4BF1-A770-28691395C052}.Debug|Any CPU.ActiveCfg = Debug|Any CPU
		{7EEFBFA7-5F58-4BF1-A770-28691395C052}.Debug|Any CPU.Build.0 = Debug|Any CPU
		{7EEFBFA7-5F58-4BF1-A770-28691395C052}.Release|Any CPU.ActiveCfg = Release|Any CPU
		{7EEFBFA7-5F58-4BF1-A770-28691395C052}.Release|Any CPU.Build.0 = Release|Any CPU
		{D387101A-5039-4D66-AEAD-BD57E5AB9452}.Debug|Any CPU.ActiveCfg = Debug|Any CPU
		{D387101A-5039-4D66-AEAD-BD57E5AB9452}.Debug|Any CPU.Build.0 = Debug|Any CPU
		{D387101A-5039-4D66-AEAD-BD57E5AB9452}.Release|Any CPU.ActiveCfg = Release|Any CPU
		{D387101A-5039-4D66-AEAD-BD57E5AB9452}.Release|Any CPU.Build.0 = Release|Any CPU
	EndGlobalSection
	GlobalSection(SolutionProperties) = preSolution
		HideSolutionNode = FALSE
	EndGlobalSection
	GlobalSection(ExtensibilityGlobals) = postSolution
		SolutionGuid = {8D1BE3F8-F416-4EBF-91DC-35FA0AF6FBA7}
	EndGlobalSection
EndGlobal
